
Microsoft Visual Studio Solution File, Format Version 12.00
# Visual Studio Version 17
VisualStudioVersion = 17.9.34622.214
MinimumVisualStudioVersion = 10.0.40219.1
Project("{D2ABAB84-BF74-430A-B69E-9DC6D40DDA17}") = "SSAS_OLAP", "SSAS_OLAP.dwproj", "{2268A52D-09CC-4B7A-9215-01CB61132D7C}"
EndProject
Global
	GlobalSection(SolutionConfigurationPlatforms) = preSolution
		Development|Default = Development|Default
	EndGlobalSection
	GlobalSection(ProjectConfigurationPlatforms) = postSolution
		{2268A52D-09CC-4B7A-9215-01CB61132D7C}.Development|Default.ActiveCfg = Development
		{2268A52D-09CC-4B7A-9215-01CB61132D7C}.Development|Default.Build.0 = Development
		{2268A52D-09CC-4B7A-9215-01CB61132D7C}.Development|Default.Deploy.0 = Development
	EndGlobalSection
	GlobalSection(SolutionProperties) = preSolution
		HideSolutionNode = FALSE
	EndGlobalSection
	GlobalSection(ExtensibilityGlobals) = postSolution
		SolutionGuid = {BD805D41-BEAA-4455-84C8-C17745A3E06E}
	EndGlobalSection
EndGlobal
